Microsoft Visual Studio Solution File, Format Version 12.00
# Visual Studio 2012
Project("{FAE04EC0-301F-11D3-BF4B-00C04F79EFBC}") = "novo", "novo.csproj", "{722B87F2-C8AE-4ED7-A653-9666479805CF}"
EndProject
Global
	GlobalSection(SolutionConfigurationPlatforms) = preSolution
	Debug|Any CPU = Debug|Any CPU
	ExportDebug|Any CPU = ExportDebug|Any CPU
	ExportRelease|Any CPU = ExportRelease|Any CPU
	EndGlobalSection
	GlobalSection(ProjectConfigurationPlatforms) = postSolution
		{722B87F2-C8AE-4ED7-A653-9666479805CF}.Debug|Any CPU.ActiveCfg = Debug|Any CPU
		{722B87F2-C8AE-4ED7-A653-9666479805CF}.Debug|Any CPU.Build.0 = Debug|Any CPU
		{722B87F2-C8AE-4ED7-A653-9666479805CF}.ExportDebug|Any CPU.ActiveCfg = ExportDebug|Any CPU
		{722B87F2-C8AE-4ED7-A653-9666479805CF}.ExportDebug|Any CPU.Build.0 = ExportDebug|Any CPU
		{722B87F2-C8AE-4ED7-A653-9666479805CF}.ExportRelease|Any CPU.ActiveCfg = ExportRelease|Any CPU
		{722B87F2-C8AE-4ED7-A653-9666479805CF}.ExportRelease|Any CPU.Build.0 = ExportRelease|Any CPU
	EndGlobalSection
EndGlobal
